
Microsoft Visual Studio Solution File, Format Version 12.00
# Visual Studio Version 16
VisualStudioVersion = 16.0.29709.97
MinimumVisualStudioVersion = 10.0.40219.1
Project("{FAE04EC0-301F-11D3-BF4B-00C04F79EFBC}") = "MAC_DLL", "MAC_DLL\MAC_DLL.csproj", "{3839D9FD-AF06-433E-8611-08892E60227A}"
EndProject
Project("{FAE04EC0-301F-11D3-BF4B-00C04F79EFBC}") = "MAC_LabWork_1_1", "MAC_LabWork_1_1\MAC_LabWork_1_1.csproj", "{02E18BD9-0086-47E3-AF3A-151F1462CA87}"
EndProject
Project("{FAE04EC0-301F-11D3-BF4B-00C04F79EFBC}") = "MAC_CheckTask_1_1", "MAC_CheckTask_1_1\MAC_CheckTask_1_1.csproj", "{4B5DB239-7052-4AF7-9053-5D9F0E79D6EF}"
EndProject
Project("{FAE04EC0-301F-11D3-BF4B-00C04F79EFBC}") = "MAC_LabWork_1_2", "MAC_LabWork_1_2\MAC_LabWork_1_2.csproj", "{D027F1F4-7292-412F-86ED-EAC7B390299C}"
EndProject
Project("{FAE04EC0-301F-11D3-BF4B-00C04F79EFBC}") = "MAC_CheckTask_1_2", "MAC_CheckTask_1_2\MAC_CheckTask_1_2.csproj", "{FCB5BA43-7E7F-4B86-9EEB-E7C39A941290}"
EndProject
Project("{FAE04EC0-301F-11D3-BF4B-00C04F79EFBC}") = "MAC_LabWork_1_3", "MAC_LabWork_1_3\MAC_LabWork_1_3.csproj", "{57A6F6CC-1068-46B2-BF7E-DDFBE1C0D35D}"
EndProject
Project("{FAE04EC0-301F-11D3-BF4B-00C04F79EFBC}") = "MAC_CheckTask_1_3", "MAC_CheckTask_1_3\MAC_CheckTask_1_3.csproj", "{BBFCD3DF-0BAB-4AB0-8C42-3CF232121763}"
EndProject
Project("{FAE04EC0-301F-11D3-BF4B-00C04F79EFBC}") = "MAC_LabWork_1_4", "MAC_LabWork_1_4\MAC_LabWork_1_4.csproj", "{F0EF84F8-6EB0-4C4C-9887-88C3EB891F2C}"
EndProject
Project("{FAE04EC0-301F-11D3-BF4B-00C04F79EFBC}") = "MAC_CheckTask_1_4", "MAC_CheckTask_1_4\MAC_CheckTask_1_4.csproj", "{EE4B206E-97BF-48DF-9D7D-CA6780B7B210}"
EndProject
Project("{FAE04EC0-301F-11D3-BF4B-00C04F79EFBC}") = "MAC_LabWork_1_5", "MAC_LabWork_1_5\MAC_LabWork_1_5.csproj", "{D2317D7C-947B-4202-A030-A2C2D856610A}"
EndProject
Project("{FAE04EC0-301F-11D3-BF4B-00C04F79EFBC}") = "MAC_CheckTask_1_5", "MAC_CheckTask_1_5\MAC_CheckTask_1_5.csproj", "{4EDB26AD-F61F-48EC-9968-2A0CC5F3489C}"
EndProject
Project("{FAE04EC0-301F-11D3-BF4B-00C04F79EFBC}") = "MAC_LabWork_2_1", "MAC_LabWork_2_1\MAC_LabWork_2_1.csproj", "{0E1A9153-5013-4FE7-BF54-6815085CEE06}"
EndProject
Project("{FAE04EC0-301F-11D3-BF4B-00C04F79EFBC}") = "MAC_CheckTask_2_1", "MAC_CheckTask_2_1\MAC_CheckTask_2_1.csproj", "{DC4D0550-7B1C-42F0-A669-80C387DCF4AE}"
EndProject
Project("{FAE04EC0-301F-11D3-BF4B-00C04F79EFBC}") = "MAC_LabWork_2_2", "MAC_LabWork_2_2\MAC_LabWork_2_2.csproj", "{AEA5EDAE-EA43-4CE7-87E0-C435092D6D3E}"
EndProject
Project("{FAE04EC0-301F-11D3-BF4B-00C04F79EFBC}") = "MAC_CheckTask_2_2", "MAC_CheckTask_2_2\MAC_CheckTask_2_2.csproj", "{608D92A3-47BB-422F-9971-B4C2E70FB2DB}"
EndProject
Project("{FAE04EC0-301F-11D3-BF4B-00C04F79EFBC}") = "MAC_LabWork_2_3", "MAC_LabWork_2_3\MAC_LabWork_2_3.csproj", "{B228881E-E30A-4528-B96E-5B31306C017A}"
EndProject
Project("{FAE04EC0-301F-11D3-BF4B-00C04F79EFBC}") = "MAC_CheckTask_2_3", "MAC_CheckTask_2_3\MAC_CheckTask_2_3.csproj", "{E0AD6186-2199-433C-8F25-FBEA809F4781}"
EndProject
Project("{FAE04EC0-301F-11D3-BF4B-00C04F79EFBC}") = "MAC_LabWork_3_1", "MAC_LabWork_3_1\MAC_LabWork_3_1.csproj", "{CA860D59-4920-4F28-BCF0-C2C75F68E137}"
EndProject
Project("{FAE04EC0-301F-11D3-BF4B-00C04F79EFBC}") = "MAC_LabWork_5_1", "MAC_LabWork_5_1\MAC_LabWork_5_1.csproj", "{F2A69269-447A-4F60-824E-2F9D210A60BF}"
EndProject
Project("{FAE04EC0-301F-11D3-BF4B-00C04F79EFBC}") = "MAC_L_W_5_2_Step1", "MAC_L_W_5_2_Step1\MAC_L_W_5_2_Step1.csproj", "{790C2364-3C48-41D6-AC1B-7D9343230C3F}"
EndProject
Project("{FAE04EC0-301F-11D3-BF4B-00C04F79EFBC}") = "MAC_L_W_5_2_Step2", "MAC_L_W_5_2_Step2\MAC_L_W_5_2_Step2.csproj", "{C29EDBE2-BFC3-47FE-AB82-DEF866A04847}"
EndProject
Project("{FAE04EC0-301F-11D3-BF4B-00C04F79EFBC}") = "MAC_LabWork_5_2", "MAC_LabWork_5_2\MAC_LabWork_5_2.csproj", "{D7B8BC18-CBDD-4139-BA3E-F22F22DC589B}"
EndProject
Project("{FAE04EC0-301F-11D3-BF4B-00C04F79EFBC}") = "MAC_LabWork_5_3", "Mac_LabWork_5_3\MAC_LabWork_5_3.csproj", "{09241F8A-DFC6-462F-9DD1-8E54D72AEB5E}"
EndProject
Project("{FAE04EC0-301F-11D3-BF4B-00C04F79EFBC}") = "MAC_LabWork_5_4", "MAC_LabWork_5_4\MAC_LabWork_5_4.csproj", "{C77C7FCB-ED1A-47B2-BB50-D7A8D5E34711}"
EndProject
Global
	GlobalSection(SolutionConfigurationPlatforms) = preSolution
		Debug|Any CPU = Debug|Any CPU
		Release|Any CPU = Release|Any CPU
	EndGlobalSection
	GlobalSection(ProjectConfigurationPlatforms) = postSolution
		{3839D9FD-AF06-433E-8611-08892E60227A}.Debug|Any CPU.ActiveCfg = Debug|Any CPU
		{3839D9FD-AF06-433E-8611-08892E60227A}.Debug|Any CPU.Build.0 = Debug|Any CPU
		{3839D9FD-AF06-433E-8611-08892E60227A}.Release|Any CPU.ActiveCfg = Release|Any CPU
		{3839D9FD-AF06-433E-8611-08892E60227A}.Release|Any CPU.Build.0 = Release|Any CPU
		{02E18BD9-0086-47E3-AF3A-151F1462CA87}.Debug|Any CPU.ActiveCfg = Debug|Any CPU
		{02E18BD9-0086-47E3-AF3A-151F1462CA87}.Debug|Any CPU.Build.0 = Debug|Any CPU
		{02E18BD9-0086-47E3-AF3A-151F1462CA87}.Release|Any CPU.ActiveCfg = Release|Any CPU
		{02E18BD9-0086-47E3-AF3A-151F1462CA87}.Release|Any CPU.Build.0 = Release|Any CPU
		{4B5DB239-7052-4AF7-9053-5D9F0E79D6EF}.Debug|Any CPU.ActiveCfg = Debug|Any CPU
		{4B5DB239-7052-4AF7-9053-5D9F0E79D6EF}.Debug|Any CPU.Build.0 = Debug|Any CPU
		{4B5DB239-7052-4AF7-9053-5D9F0E79D6EF}.Release|Any CPU.ActiveCfg = Release|Any CPU
		{4B5DB239-7052-4AF7-9053-5D9F0E79D6EF}.Release|Any CPU.Build.0 = Release|Any CPU
		{D027F1F4-7292-412F-86ED-EAC7B390299C}.Debug|Any CPU.ActiveCfg = Debug|Any CPU
		{D027F1F4-7292-412F-86ED-EAC7B390299C}.Debug|Any CPU.Build.0 = Debug|Any CPU
		{D027F1F4-7292-412F-86ED-EAC7B390299C}.Release|Any CPU.ActiveCfg = Release|Any CPU
		{D027F1F4-7292-412F-86ED-EAC7B390299C}.Release|Any CPU.Build.0 = Release|Any CPU
		{FCB5BA43-7E7F-4B86-9EEB-E7C39A941290}.Debug|Any CPU.ActiveCfg = Debug|Any CPU
		{FCB5BA43-7E7F-4B86-9EEB-E7C39A941290}.Debug|Any CPU.Build.0 = Debug|Any CPU
		{FCB5BA43-7E7F-4B86-9EEB-E7C39A941290}.Release|Any CPU.ActiveCfg = Release|Any CPU
		{FCB5BA43-7E7F-4B86-9EEB-E7C39A941290}.Release|Any CPU.Build.0 = Release|Any CPU
		{57A6F6CC-1068-46B2-BF7E-DDFBE1C0D35D}.Debug|Any CPU.ActiveCfg = Debug|Any CPU
		{57A6F6CC-1068-46B2-BF7E-DDFBE1C0D35D}.Debug|Any CPU.Build.0 = Debug|Any CPU
		{57A6F6CC-1068-46B2-BF7E-DDFBE1C0D35D}.Release|Any CPU.ActiveCfg = Release|Any CPU
		{57A6F6CC-1068-46B2-BF7E-DDFBE1C0D35D}.Release|Any CPU.Build.0 = Release|Any CPU
		{BBFCD3DF-0BAB-4AB0-8C42-3CF232121763}.Debug|Any CPU.ActiveCfg = Debug|Any CPU
		{BBFCD3DF-0BAB-4AB0-8C42-3CF232121763}.Debug|Any CPU.Build.0 = Debug|Any CPU
		{BBFCD3DF-0BAB-4AB0-8C42-3CF232121763}.Release|Any CPU.ActiveCfg = Release|Any CPU
		{BBFCD3DF-0BAB-4AB0-8C42-3CF232121763}.Release|Any CPU.Build.0 = Release|Any CPU
		{F0EF84F8-6EB0-4C4C-9887-88C3EB891F2C}.Debug|Any CPU.ActiveCfg = Debug|Any CPU
		{F0EF84F8-6EB0-4C4C-9887-88C3EB891F2C}.Debug|Any CPU.Build.0 = Debug|Any CPU
		{F0EF84F8-6EB0-4C4C-9887-88C3EB891F2C}.Release|Any CPU.ActiveCfg = Release|Any CPU
		{F0EF84F8-6EB0-4C4C-9887-88C3EB891F2C}.Release|Any CPU.Build.0 = Release|Any CPU
		{EE4B206E-97BF-48DF-9D7D-CA6780B7B210}.Debug|Any CPU.ActiveCfg = Debug|Any CPU
		{EE4B206E-97BF-48DF-9D7D-CA6780B7B210}.Debug|Any CPU.Build.0 = Debug|Any CPU
		{EE4B206E-97BF-48DF-9D7D-CA6780B7B210}.Release|Any CPU.ActiveCfg = Release|Any CPU
		{EE4B206E-97BF-48DF-9D7D-CA6780B7B210}.Release|Any CPU.Build.0 = Release|Any CPU
		{D2317D7C-947B-4202-A030-A2C2D856610A}.Debug|Any CPU.ActiveCfg = Debug|Any CPU
		{D2317D7C-947B-4202-A030-A2C2D856610A}.Debug|Any CPU.Build.0 = Debug|Any CPU
		{D2317D7C-947B-4202-A030-A2C2D856610A}.Release|Any CPU.ActiveCfg = Release|Any CPU
		{D2317D7C-947B-4202-A030-A2C2D856610A}.Release|Any CPU.Build.0 = Release|Any CPU
		{4EDB26AD-F61F-48EC-9968-2A0CC5F3489C}.Debug|Any CPU.ActiveCfg = Debug|Any CPU
		{4EDB26AD-F61F-48EC-9968-2A0CC5F3489C}.Debug|Any CPU.Build.0 = Debug|Any CPU
		{4EDB26AD-F61F-48EC-9968-2A0CC5F3489C}.Release|Any CPU.ActiveCfg = Release|Any CPU
		{4EDB26AD-F61F-48EC-9968-2A0CC5F3489C}.Release|Any CPU.Build.0 = Release|Any CPU
		{0E1A9153-5013-4FE7-BF54-6815085CEE06}.Debug|Any CPU.ActiveCfg = Debug|Any CPU
		{0E1A9153-5013-4FE7-BF54-6815085CEE06}.Debug|Any CPU.Build.0 = Debug|Any CPU
		{0E1A9153-5013-4FE7-BF54-6815085CEE06}.Release|Any CPU.ActiveCfg = Release|Any CPU
		{0E1A9153-5013-4FE7-BF54-6815085CEE06}.Release|Any CPU.Build.0 = Release|Any CPU
		{DC4D0550-7B1C-42F0-A669-80C387DCF4AE}.Debug|Any CPU.ActiveCfg = Debug|Any CPU
		{DC4D0550-7B1C-42F0-A669-80C387DCF4AE}.Debug|Any CPU.Build.0 = Debug|Any CPU
		{DC4D0550-7B1C-42F0-A669-80C387DCF4AE}.Release|Any CPU.ActiveCfg = Release|Any CPU
		{DC4D0550-7B1C-42F0-A669-80C387DCF4AE}.Release|Any CPU.Build.0 = Release|Any CPU
		{AEA5EDAE-EA43-4CE7-87E0-C435092D6D3E}.Debug|Any CPU.ActiveCfg = Debug|Any CPU
		{AEA5EDAE-EA43-4CE7-87E0-C435092D6D3E}.Debug|Any CPU.Build.0 = Debug|Any CPU
		{AEA5EDAE-EA43-4CE7-87E0-C435092D6D3E}.Release|Any CPU.ActiveCfg = Release|Any CPU
		{AEA5EDAE-EA43-4CE7-87E0-C435092D6D3E}.Release|Any CPU.Build.0 = Release|Any CPU
		{608D92A3-47BB-422F-9971-B4C2E70FB2DB}.Debug|Any CPU.ActiveCfg = Debug|Any CPU
		{608D92A3-47BB-422F-9971-B4C2E70FB2DB}.Debug|Any CPU.Build.0 = Debug|Any CPU
		{608D92A3-47BB-422F-9971-B4C2E70FB2DB}.Release|Any CPU.ActiveCfg = Release|Any CPU
		{608D92A3-47BB-422F-9971-B4C2E70FB2DB}.Release|Any CPU.Build.0 = Release|Any CPU
		{B228881E-E30A-4528-B96E-5B31306C017A}.Debug|Any CPU.ActiveCfg = Debug|Any CPU
		{B228881E-E30A-4528-B96E-5B31306C017A}.Debug|Any CPU.Build.0 = Debug|Any CPU
		{B228881E-E30A-4528-B96E-5B31306C017A}.Release|Any CPU.ActiveCfg = Release|Any CPU
		{B228881E-E30A-4528-B96E-5B31306C017A}.Release|Any CPU.Build.0 = Release|Any CPU
		{E0AD6186-2199-433C-8F25-FBEA809F4781}.Debug|Any CPU.ActiveCfg = Debug|Any CPU
		{E0AD6186-2199-433C-8F25-FBEA809F4781}.Debug|Any CPU.Build.0 = Debug|Any CPU
		{E0AD6186-2199-433C-8F25-FBEA809F4781}.Release|Any CPU.ActiveCfg = Release|Any CPU
		{E0AD6186-2199-433C-8F25-FBEA809F4781}.Release|Any CPU.Build.0 = Release|Any CPU
		{CA860D59-4920-4F28-BCF0-C2C75F68E137}.Debug|Any CPU.ActiveCfg = Debug|Any CPU
		{CA860D59-4920-4F28-BCF0-C2C75F68E137}.Debug|Any CPU.Build.0 = Debug|Any CPU
		{CA860D59-4920-4F28-BCF0-C2C75F68E137}.Release|Any CPU.ActiveCfg = Release|Any CPU
		{CA860D59-4920-4F28-BCF0-C2C75F68E137}.Release|Any CPU.Build.0 = Release|Any CPU
		{F2A69269-447A-4F60-824E-2F9D210A60BF}.Debug|Any CPU.ActiveCfg = Debug|Any CPU
		{F2A69269-447A-4F60-824E-2F9D210A60BF}.Debug|Any CPU.Build.0 = Debug|Any CPU
		{F2A69269-447A-4F60-824E-2F9D210A60BF}.Release|Any CPU.ActiveCfg = Release|Any CPU
		{F2A69269-447A-4F60-824E-2F9D210A60BF}.Release|Any CPU.Build.0 = Release|Any CPU
		{790C2364-3C48-41D6-AC1B-7D9343230C3F}.Debug|Any CPU.ActiveCfg = Debug|Any CPU
		{790C2364-3C48-41D6-AC1B-7D9343230C3F}.Debug|Any CPU.Build.0 = Debug|Any CPU
		{790C2364-3C48-41D6-AC1B-7D9343230C3F}.Release|Any CPU.ActiveCfg = Release|Any CPU
		{790C2364-3C48-41D6-AC1B-7D9343230C3F}.Release|Any CPU.Build.0 = Release|Any CPU
		{C29EDBE2-BFC3-47FE-AB82-DEF866A04847}.Debug|Any CPU.ActiveCfg = Debug|Any CPU
		{C29EDBE2-BFC3-47FE-AB82-DEF866A04847}.Debug|Any CPU.Build.0 = Debug|Any CPU
		{C29EDBE2-BFC3-47FE-AB82-DEF866A04847}.Release|Any CPU.ActiveCfg = Release|Any CPU
		{C29EDBE2-BFC3-47FE-AB82-DEF866A04847}.Release|Any CPU.Build.0 = Release|Any CPU
		{D7B8BC18-CBDD-4139-BA3E-F22F22DC589B}.Debug|Any CPU.ActiveCfg = Debug|Any CPU
		{D7B8BC18-CBDD-4139-BA3E-F22F22DC589B}.Debug|Any CPU.Build.0 = Debug|Any CPU
		{D7B8BC18-CBDD-4139-BA3E-F22F22DC589B}.Release|Any CPU.ActiveCfg = Release|Any CPU
		{D7B8BC18-CBDD-4139-BA3E-F22F22DC589B}.Release|Any CPU.Build.0 = Release|Any CPU
		{09241F8A-DFC6-462F-9DD1-8E54D72AEB5E}.Debug|Any CPU.ActiveCfg = Debug|Any CPU
		{09241F8A-DFC6-462F-9DD1-8E54D72AEB5E}.Debug|Any CPU.Build.0 = Debug|Any CPU
		{09241F8A-DFC6-462F-9DD1-8E54D72AEB5E}.Release|Any CPU.ActiveCfg = Release|Any CPU
		{09241F8A-DFC6-462F-9DD1-8E54D72AEB5E}.Release|Any CPU.Build.0 = Release|Any CPU
		{C77C7FCB-ED1A-47B2-BB50-D7A8D5E34711}.Debug|Any CPU.ActiveCfg = Debug|Any CPU
		{C77C7FCB-ED1A-47B2-BB50-D7A8D5E34711}.Debug|Any CPU.Build.0 = Debug|Any CPU
		{C77C7FCB-ED1A-47B2-BB50-D7A8D5E34711}.Release|Any CPU.ActiveCfg = Release|Any CPU
		{C77C7FCB-ED1A-47B2-BB50-D7A8D5E34711}.Release|Any CPU.Build.0 = Release|Any CPU
	EndGlobalSection
	GlobalSection(SolutionProperties) = preSolution
		HideSolutionNode = FALSE
	EndGlobalSection
	GlobalSection(ExtensibilityGlobals) = postSolution
		SolutionGuid = {ABEBFB46-3633-437F-AF93-6DA27790FCA4}
	EndGlobalSection
EndGlobal
