
Microsoft Visual Studio Solution File, Format Version 12.00
# Visual Studio Version 16
VisualStudioVersion = 16.0.29709.97
MinimumVisualStudioVersion = 10.0.40219.1
Project("{FAE04EC0-301F-11D3-BF4B-00C04F79EFBC}") = "MAC_DLL", "MAC_DLL\MAC_DLL.csproj", "{3839D9FD-AF06-433E-8611-08892E60227A}"
EndProject
Project("{FAE04EC0-301F-11D3-BF4B-00C04F79EFBC}") = "MAC_LabWork_1_1", "MAC_LabWork_1_1\MAC_LabWork_1_1.csproj", "{02E18BD9-0086-47E3-AF3A-151F1462CA87}"
EndProject
Global
	GlobalSection(SolutionConfigurationPlatforms) = preSolution
		Debug|Any CPU = Debug|Any CPU
		Release|Any CPU = Release|Any CPU
	EndGlobalSection
	GlobalSection(ProjectConfigurationPlatforms) = postSolution
		{3839D9FD-AF06-433E-8611-08892E60227A}.Debug|Any CPU.ActiveCfg = Debug|Any CPU
		{3839D9FD-AF06-433E-8611-08892E60227A}.Debug|Any CPU.Build.0 = Debug|Any CPU
		{3839D9FD-AF06-433E-8611-08892E60227A}.Release|Any CPU.ActiveCfg = Release|Any CPU
		{3839D9FD-AF06-433E-8611-08892E60227A}.Release|Any CPU.Build.0 = Release|Any CPU
		{02E18BD9-0086-47E3-AF3A-151F1462CA87}.Debug|Any CPU.ActiveCfg = Debug|Any CPU
		{02E18BD9-0086-47E3-AF3A-151F1462CA87}.Debug|Any CPU.Build.0 = Debug|Any CPU
		{02E18BD9-0086-47E3-AF3A-151F1462CA87}.Release|Any CPU.ActiveCfg = Release|Any CPU
		{02E18BD9-0086-47E3-AF3A-151F1462CA87}.Release|Any CPU.Build.0 = Release|Any CPU
	EndGlobalSection
	GlobalSection(SolutionProperties) = preSolution
		HideSolutionNode = FALSE
	EndGlobalSection
	GlobalSection(ExtensibilityGlobals) = postSolution
		SolutionGuid = {ABEBFB46-3633-437F-AF93-6DA27790FCA4}
	EndGlobalSection
EndGlobal
